
Microsoft Visual Studio Solution File, Format Version 12.00
Project("{2150E333-8FDC-42A3-9474-1A3956D46DE8}") = "Solution Items", "Solution Items", "{B39648ED-247E-4D99-871C-0329102A5632}"
	ProjectSection(SolutionItems) = preProject
		compose.yaml = compose.yaml
	EndProjectSection
EndProject
Project("{FAE04EC0-301F-11D3-BF4B-00C04F79EFBC}") = "ReviewService.Api", "src\ReviewService.Api\ReviewService.Api.csproj", "{20F285B2-7B29-4F1C-87AC-D31666149B17}"
EndProject
Project("{FAE04EC0-301F-11D3-BF4B-00C04F79EFBC}") = "ReviewService.Application", "src\ReviewService.Application\ReviewService.Application.csproj", "{F155C77D-AE2F-4887-9860-0AD7C5A7CDEB}"
EndProject
Project("{FAE04EC0-301F-11D3-BF4B-00C04F79EFBC}") = "ReviewService.Domain", "src\ReviewService.Domain\ReviewService.Domain.csproj", "{F8449EED-6C89-4DA6-8187-7D9577C4B5FC}"
EndProject
Project("{FAE04EC0-301F-11D3-BF4B-00C04F79EFBC}") = "ReviewService.Infrastructure", "src\ReviewService.Infrastructure\ReviewService.Infrastructure.csproj", "{A5C3B2A7-750E-4D7E-B17C-3DC226D7ECB0}"
EndProject
Project("{FAE04EC0-301F-11D3-BF4B-00C04F79EFBC}") = "ReviewService.Api.Tests", "tests\ReviewService.Api.Tests\ReviewService.Api.Tests.csproj", "{E973CCB5-5953-4A1B-9396-9DFDCAE2A7AA}"
EndProject
Project("{FAE04EC0-301F-11D3-BF4B-00C04F79EFBC}") = "ReviewService.Application.Tests", "tests\ReviewService.Application.Tests\ReviewService.Application.Tests.csproj", "{C1A77042-FF3E-4AE4-A9DD-86EA4478CA6D}"
EndProject
Project("{FAE04EC0-301F-11D3-BF4B-00C04F79EFBC}") = "ReviewService.Infrastructure.Tests", "tests\ReviewService.Infrastructure.Tests\ReviewService.Infrastructure.Tests.csproj", "{06C0D2E5-36EC-47A4-A150-F29803AC70BE}"
EndProject
Project("{2150E333-8FDC-42A3-9474-1A3956D46DE8}") = "src", "src", "{6F897772-52A2-4F04-8018-8388F9FAED3F}"
EndProject
Project("{2150E333-8FDC-42A3-9474-1A3956D46DE8}") = "tests", "tests", "{721274D9-B6FB-4F0D-98EC-B2D0F312673E}"
EndProject
Global
	GlobalSection(SolutionConfigurationPlatforms) = preSolution
		Debug|Any CPU = Debug|Any CPU
		Release|Any CPU = Release|Any CPU
	EndGlobalSection
	GlobalSection(ProjectConfigurationPlatforms) = postSolution
		{20F285B2-7B29-4F1C-87AC-D31666149B17}.Debug|Any CPU.ActiveCfg = Debug|Any CPU
		{20F285B2-7B29-4F1C-87AC-D31666149B17}.Debug|Any CPU.Build.0 = Debug|Any CPU
		{20F285B2-7B29-4F1C-87AC-D31666149B17}.Release|Any CPU.ActiveCfg = Release|Any CPU
		{20F285B2-7B29-4F1C-87AC-D31666149B17}.Release|Any CPU.Build.0 = Release|Any CPU
		{F155C77D-AE2F-4887-9860-0AD7C5A7CDEB}.Debug|Any CPU.ActiveCfg = Debug|Any CPU
		{F155C77D-AE2F-4887-9860-0AD7C5A7CDEB}.Debug|Any CPU.Build.0 = Debug|Any CPU
		{F155C77D-AE2F-4887-9860-0AD7C5A7CDEB}.Release|Any CPU.ActiveCfg = Release|Any CPU
		{F155C77D-AE2F-4887-9860-0AD7C5A7CDEB}.Release|Any CPU.Build.0 = Release|Any CPU
		{F8449EED-6C89-4DA6-8187-7D9577C4B5FC}.Debug|Any CPU.ActiveCfg = Debug|Any CPU
		{F8449EED-6C89-4DA6-8187-7D9577C4B5FC}.Debug|Any CPU.Build.0 = Debug|Any CPU
		{F8449EED-6C89-4DA6-8187-7D9577C4B5FC}.Release|Any CPU.ActiveCfg = Release|Any CPU
		{F8449EED-6C89-4DA6-8187-7D9577C4B5FC}.Release|Any CPU.Build.0 = Release|Any CPU
		{A5C3B2A7-750E-4D7E-B17C-3DC226D7ECB0}.Debug|Any CPU.ActiveCfg = Debug|Any CPU
		{A5C3B2A7-750E-4D7E-B17C-3DC226D7ECB0}.Debug|Any CPU.Build.0 = Debug|Any CPU
		{A5C3B2A7-750E-4D7E-B17C-3DC226D7ECB0}.Release|Any CPU.ActiveCfg = Release|Any CPU
		{A5C3B2A7-750E-4D7E-B17C-3DC226D7ECB0}.Release|Any CPU.Build.0 = Release|Any CPU
		{E973CCB5-5953-4A1B-9396-9DFDCAE2A7AA}.Debug|Any CPU.ActiveCfg = Debug|Any CPU
		{E973CCB5-5953-4A1B-9396-9DFDCAE2A7AA}.Debug|Any CPU.Build.0 = Debug|Any CPU
		{E973CCB5-5953-4A1B-9396-9DFDCAE2A7AA}.Release|Any CPU.ActiveCfg = Release|Any CPU
		{E973CCB5-5953-4A1B-9396-9DFDCAE2A7AA}.Release|Any CPU.Build.0 = Release|Any CPU
		{C1A77042-FF3E-4AE4-A9DD-86EA4478CA6D}.Debug|Any CPU.ActiveCfg = Debug|Any CPU
		{C1A77042-FF3E-4AE4-A9DD-86EA4478CA6D}.Debug|Any CPU.Build.0 = Debug|Any CPU
		{C1A77042-FF3E-4AE4-A9DD-86EA4478CA6D}.Release|Any CPU.ActiveCfg = Release|Any CPU
		{C1A77042-FF3E-4AE4-A9DD-86EA4478CA6D}.Release|Any CPU.Build.0 = Release|Any CPU
		{06C0D2E5-36EC-47A4-A150-F29803AC70BE}.Debug|Any CPU.ActiveCfg = Debug|Any CPU
		{06C0D2E5-36EC-47A4-A150-F29803AC70BE}.Debug|Any CPU.Build.0 = Debug|Any CPU
		{06C0D2E5-36EC-47A4-A150-F29803AC70BE}.Release|Any CPU.ActiveCfg = Release|Any CPU
		{06C0D2E5-36EC-47A4-A150-F29803AC70BE}.Release|Any CPU.Build.0 = Release|Any CPU
	EndGlobalSection
	GlobalSection(NestedProjects) = preSolution
		{20F285B2-7B29-4F1C-87AC-D31666149B17} = {6F897772-52A2-4F04-8018-8388F9FAED3F}
		{F155C77D-AE2F-4887-9860-0AD7C5A7CDEB} = {6F897772-52A2-4F04-8018-8388F9FAED3F}
		{F8449EED-6C89-4DA6-8187-7D9577C4B5FC} = {6F897772-52A2-4F04-8018-8388F9FAED3F}
		{A5C3B2A7-750E-4D7E-B17C-3DC226D7ECB0} = {6F897772-52A2-4F04-8018-8388F9FAED3F}
		{E973CCB5-5953-4A1B-9396-9DFDCAE2A7AA} = {721274D9-B6FB-4F0D-98EC-B2D0F312673E}
		{C1A77042-FF3E-4AE4-A9DD-86EA4478CA6D} = {721274D9-B6FB-4F0D-98EC-B2D0F312673E}
		{06C0D2E5-36EC-47A4-A150-F29803AC70BE} = {721274D9-B6FB-4F0D-98EC-B2D0F312673E}
	EndGlobalSection
EndGlobal
